{
    "_meta": {
        "hash": {
            "sha256": "0db90dc0e3b0c53a7403d17616d1bc12ea2e8e90b1b23c059f42f2ef33188bb1"
        },
        "pipfile-spec": 6,
        "requires": {
            "python_version": "3.8.13"
        },
        "sources": [
            {
                "name": "pypi",
                "url": "https://pypi.org/simple",
                "verify_ssl": true
            }
        ]
    },
    "default": {
        "alembic": {
            "hashes": [
                "sha256:0a024d7f2de88d738d7395ff866997314c837be6104e90c5724350313dee4da4",
                "sha256:cd0b5e45b14b706426b833f06369b9a6d5ee03f826ec3238723ce8caaf6e5ffa"
            ],
            "index": "pypi",
            "version": "==1.8.1"
        },
        "aniso8601": {
            "hashes": [
                "sha256:1d2b7ef82963909e93c4f24ce48d4de9e66009a21bf1c1e1c85bdd0812fe412f",
                "sha256:72e3117667eedf66951bb2d93f4296a56b94b078a8a95905a052611fb3f1b973"
            ],
            "index": "pypi",
            "version": "==9.0.1"
        },
        "click": {
            "hashes": [
                "sha256:7682dc8afb30297001674575ea00d1814d808d6a36af415a82bd481d37ba7b8e",
                "sha256:bb4d8133cb15a609f44e8213d9b391b0809795062913b383c62be0ee95b1db48"
            ],
            "index": "pypi",
            "version": "==8.1.3"
        },
        "flask": {
            "hashes": [
                "sha256:58107ed83443e86067e41eff4631b058178191a355886f8e479e347fa1285fdf",
                "sha256:edee9b0a7ff26621bd5a8c10ff484ae28737a2410d99b0bb9a6850c7fb977aa0"
            ],
            "index": "pypi",
            "version": "==2.2.5"
        },
        "flask-migrate": {
            "hashes": [
                "sha256:eaf85579b273874b25944016745ff84c7dc712297c42b7b71f4dc6cae8a2934d",
                "sha256:f62b51f9cd2c4f444deac111726a2335d0b846dcf51909a97e261d2098b816f7"
            ],
            "index": "pypi",
            "version": "==4.0.1"
        },
        "flask-restful": {
            "hashes": [
                "sha256:1cf93c535172f112e080b0d4503a8d15f93a48c88bdd36dd87269bdaf405051b",
                "sha256:fe4af2ef0027df8f9b4f797aba20c5566801b6ade995ac63b588abf1a59cec37"
            ],
            "index": "pypi",
            "version": "==0.3.10"
        },
        "flask-sqlalchemy": {
            "hashes": [
                "sha256:c5765e58ca145401b52106c0f46178569243c5da25556be2c231ecc60867c5b1",
                "sha256:cabb6600ddd819a9f859f36515bb1bd8e7dbf30206cc679d2b081dff9e383283"
            ],
            "index": "pypi",
            "version": "==3.0.5"
        },
        "greenlet": {
            "hashes": [
                "sha256:03a8f4f3430c3b3ff8d10a2a86028c660355ab637cee9333d63d66b56f09d52a",
                "sha256:0bf60faf0bc2468089bdc5edd10555bab6e85152191df713e2ab1fcc86382b5a",
                "sha256:1087300cf9700bbf455b1b97e24db18f2f77b55302a68272c56209d5587c12d1",
                "sha256:18a7f18b82b52ee85322d7a7874e676f34ab319b9f8cce5de06067384aa8ff43",
                "sha256:18e98fb3de7dba1c0a852731c3070cf022d14f0d68b4c87a19cc1016f3bb8b33",
                "sha256:1a819eef4b0e0b96bb0d98d797bef17dc1b4a10e8d7446be32d1da33e095dbb8",
                "sha256:26fbfce90728d82bc9e6c38ea4d038cba20b7faf8a0ca53a9c07b67318d46088",
                "sha256:2780572ec463d44c1d3ae850239508dbeb9fed38e294c68d19a24d925d9223ca",
                "sha256:283737e0da3f08bd637b5ad058507e578dd462db259f7f6e4c5c365ba4ee9343",
                "sha256:2d4686f195e32d36b4d7cf2d166857dbd0ee9f3d20ae349b6bf8afc8485b3645",
                "sha256:2dd11f291565a81d71dab10b7033395b7a3a5456e637cf997a6f33ebdf06f8db",
                "sha256:30bcf80dda7f15ac77ba5af2b961bdd9dbc77fd4ac6105cee85b0d0a5fcf74df",
                "sha256:32e5b64b148966d9cccc2c8d35a671409e45f195864560829f395a54226408d3",
                "sha256:36abbf031e1c0f79dd5d596bfaf8e921c41df2bdf54ee1eed921ce1f52999a86",
                "sha256:3a06ad5312349fec0ab944664b01d26f8d1f05009566339ac6f63f56589bc1a2",
                "sha256:3a51c9751078733d88e013587b108f1b7a1fb106d402fb390740f002b6f6551a",
                "sha256:3c9b12575734155d0c09d6c3e10dbd81665d5c18e1a7c6597df72fd05990c8cf",
                "sha256:3f6ea9bd35eb450837a3d80e77b517ea5bc56b4647f5502cd28de13675ee12f7",
                "sha256:4b58adb399c4d61d912c4c331984d60eb66565175cdf4a34792cd9600f21b394",
                "sha256:4d2e11331fc0c02b6e84b0d28ece3a36e0548ee1a1ce9ddde03752d9b79bba40",
                "sha256:5454276c07d27a740c5892f4907c86327b632127dd9abec42ee62e12427ff7e3",
                "sha256:561091a7be172ab497a3527602d467e2b3fbe75f9e783d8b8ce403fa414f71a6",
                "sha256:6c3acb79b0bfd4fe733dff8bc62695283b57949ebcca05ae5c129eb606ff2d74",
                "sha256:703f18f3fda276b9a916f0934d2fb6d989bf0b4fb5a64825260eb9bfd52d78f0",
                "sha256:7492e2b7bd7c9b9916388d9df23fa49d9b88ac0640db0a5b4ecc2b653bf451e3",
                "sha256:76ae285c8104046b3a7f06b42f29c7b73f77683df18c49ab5af7983994c2dd91",
                "sha256:7cafd1208fdbe93b67c7086876f061f660cfddc44f404279c1585bbf3cdc64c5",
                "sha256:7efde645ca1cc441d6dc4b48c0f7101e8d86b54c8530141b09fd31cef5149ec9",
                "sha256:8512a0c38cfd4e66a858ddd1b17705587900dd760c6003998e9472b77b56d417",
                "sha256:88d9ab96491d38a5ab7c56dd7a3cc37d83336ecc564e4e8816dbed12e5aaefc8",
                "sha256:8eab883b3b2a38cc1e050819ef06a7e6344d4a990d24d45bc6f2cf959045a45b",
                "sha256:910841381caba4f744a44bf81bfd573c94e10b3045ee00de0cbf436fe50673a6",
                "sha256:9190f09060ea4debddd24665d6804b995a9c122ef5917ab26e1566dcc712ceeb",
                "sha256:937e9020b514ceedb9c830c55d5c9872abc90f4b5862f89c0887033ae33c6f73",
                "sha256:94c817e84245513926588caf1152e3b559ff794d505555211ca041f032abbb6b",
                "sha256:971ce5e14dc5e73715755d0ca2975ac88cfdaefcaab078a284fea6cfabf866df",
                "sha256:9d14b83fab60d5e8abe587d51c75b252bcc21683f24699ada8fb275d7712f5a9",
                "sha256:9f35ec95538f50292f6d8f2c9c9f8a3c6540bbfec21c9e5b4b751e0a7c20864f",
                "sha256:a1846f1b999e78e13837c93c778dcfc3365902cfb8d1bdb7dd73ead37059f0d0",
                "sha256:acd2162a36d3de67ee896c43effcd5ee3de247eb00354db411feb025aa319857",
                "sha256:b0ef99cdbe2b682b9ccbb964743a6aca37905fda5e0452e5ee239b1654d37f2a",
                "sha256:b80f600eddddce72320dbbc8e3784d16bd3fb7b517e82476d8da921f27d4b249",
                "sha256:b864ba53912b6c3ab6bcb2beb19f19edd01a6bfcbdfe1f37ddd1778abfe75a30",
                "sha256:b9ec052b06a0524f0e35bd8790686a1da006bd911dd1ef7d50b77bfbad74e292",
                "sha256:ba2956617f1c42598a308a84c6cf021a90ff3862eddafd20c3333d50f0edb45b",
                "sha256:bdfea8c661e80d3c1c99ad7c3ff74e6e87184895bbaca6ee8cc61209f8b9b85d",
                "sha256:be4ed120b52ae4d974aa40215fcdfde9194d63541c7ded40ee12eb4dda57b76b",
                "sha256:c4302695ad8027363e96311df24ee28978162cdcdd2006476c43970b384a244c",
                "sha256:c48f54ef8e05f04d6eff74b8233f6063cb1ed960243eacc474ee73a2ea8573ca",
                "sha256:c9c59a2120b55788e800d82dfa99b9e156ff8f2227f07c5e3012a45a399620b7",
                "sha256:cd021c754b162c0fb55ad5d6b9d960db667faad0fa2ff25bb6e1301b0b6e6a75",
                "sha256:d27ec7509b9c18b6d73f2f5ede2622441de812e7b1a80bbd446cb0633bd3d5ae",
                "sha256:d4606a527e30548153be1a9f155f4e283d109ffba663a15856089fb55f933e47",
                "sha256:d5508f0b173e6aa47273bdc0a0b5ba055b59662ba7c7ee5119528f466585526b",
                "sha256:d75209eed723105f9596807495d58d10b3470fa6732dd6756595e89925ce2470",
                "sha256:d967650d3f56af314b72df7089d96cda1083a7fc2da05b375d2bc48c82ab3f3c",
                "sha256:db1a39669102a1d8d12b57de2bb7e2ec9066a6f2b3da35ae511ff93b01b5d564",
                "sha256:dbfcfc0218093a19c252ca8eb9aee3d29cfdcb586df21049b9d777fd32c14fd9",
                "sha256:e0f72c9ddb8cd28532185f54cc1453f2c16fb417a08b53a855c4e6a418edd099",
                "sha256:e7c8dc13af7db097bed64a051d2dd49e9f0af495c26995c00a9ee842690d34c0",
                "sha256:ea9872c80c132f4663822dd2a08d404073a5a9b5ba6155bea72fb2a79d1093b5",
                "sha256:eff4eb9b7eb3e4d0cae3d28c283dc16d9bed6b193c2e1ace3ed86ce48ea8df19",
                "sha256:f82d4d717d8ef19188687aa32b8363e96062911e63ba22a0cff7802a8e58e5f1",
                "sha256:fc3a569657468b6f3fb60587e48356fe512c1754ca05a564f11366ac9e306526"
            ],
            "markers": "python_version >= '3' and platform_machine == 'aarch64' or (platform_machine == 'ppc64le' or (platform_machine == 'x86_64' or (platform_machine == 'amd64' or (platform_machine == 'AMD64' or (platform_machine == 'win32' or platform_machine == 'WIN32')))))",
            "version": "==2.0.2"
        },
        "gunicorn": {
            "hashes": [
                "sha256:3213aa5e8c24949e792bcacfc176fef362e7aac80b76c56f6b5122bf350722f0",
                "sha256:88ec8bff1d634f98e61b9f65bc4bf3cd918a90806c6f5c48bc5603849ec81033"
            ],
            "index": "pypi",
            "version": "==21.2.0"
        },
        "honcho": {
            "hashes": [
                "sha256:a4d6e3a88a7b51b66351ecfc6e9d79d8f4b87351db9ad7e923f5632cc498122f",
                "sha256:c5eca0bded4bef6697a23aec0422fd4f6508ea3581979a3485fc4b89357eb2a9"
            ],
            "index": "pypi",
            "version": "==1.1.0"
        },
        "importlib-metadata": {
            "hashes": [
                "sha256:7efb448ec9a5e313a57655d35aa54cd3e01b7e1fbcf72dce1bf06119420f5bad",
                "sha256:e354bedeb60efa6affdcc8ae121b73544a7aa74156d047311948f6d711cd378d"
            ],
            "index": "pypi",
            "version": "==6.0.0"
        },
        "importlib-resources": {
            "hashes": [
                "sha256:c01b1b94210d9849f286b86bb51bcea7cd56dde0600d8db721d7b81330711668",
                "sha256:ee17ec648f85480d523596ce49eae8ead87d5631ae1551f913c0100b5edd3437"
            ],
            "index": "pypi",
            "version": "==5.10.0"
        },
        "itsdangerous": {
            "hashes": [
                "sha256:2c2349112351b88699d8d4b6b075022c0808887cb7ad10069318a8b0bc88db44",
                "sha256:5dbbc68b317e5e42f327f9021763545dc3fc3bfe22e6deb96aaf1fc38874156a"
            ],
            "index": "pypi",
            "version": "==2.1.2"
        },
        "jinja2": {
            "hashes": [
                "sha256:31351a702a408a9e7595a8fc6150fc3f43bb6bf7e319770cbc0db9df9437e852",
                "sha256:6088930bfe239f0e6710546ab9c19c9ef35e29792895fed6e6e31a023a182a61"
            ],
            "index": "pypi",
            "version": "==3.1.2"
        },
        "mako": {
            "hashes": [
                "sha256:7fde96466fcfeedb0eed94f187f20b23d85e4cb41444be0e542e2c8c65c396cd",
                "sha256:c413a086e38cd885088d5e165305ee8eed04e8b3f8f62df343480da0a385735f"
            ],
            "index": "pypi",
            "version": "==1.2.3"
        },
        "markupsafe": {
            "hashes": [
                "sha256:0212a68688482dc52b2d45013df70d169f542b7394fc744c02a57374a4207003",
                "sha256:089cf3dbf0cd6c100f02945abeb18484bd1ee57a079aefd52cffd17fba910b88",
                "sha256:10c1bfff05d95783da83491be968e8fe789263689c02724e0c691933c52994f5",
                "sha256:33b74d289bd2f5e527beadcaa3f401e0df0a89927c1559c8566c066fa4248ab7",
                "sha256:3799351e2336dc91ea70b034983ee71cf2f9533cdff7c14c90ea126bfd95d65a",
                "sha256:3ce11ee3f23f79dbd06fb3d63e2f6af7b12db1d46932fe7bd8afa259a5996603",
                "sha256:421be9fbf0ffe9ffd7a378aafebbf6f4602d564d34be190fc19a193232fd12b1",
                "sha256:43093fb83d8343aac0b1baa75516da6092f58f41200907ef92448ecab8825135",
                "sha256:46d00d6cfecdde84d40e572d63735ef81423ad31184100411e6e3388d405e247",
                "sha256:4a33dea2b688b3190ee12bd7cfa29d39c9ed176bda40bfa11099a3ce5d3a7ac6",
                "sha256:4b9fe39a2ccc108a4accc2676e77da025ce383c108593d65cc909add5c3bd601",
                "sha256:56442863ed2b06d19c37f94d999035e15ee982988920e12a5b4ba29b62ad1f77",
                "sha256:671cd1187ed5e62818414afe79ed29da836dde67166a9fac6d435873c44fdd02",
                "sha256:694deca8d702d5db21ec83983ce0bb4b26a578e71fbdbd4fdcd387daa90e4d5e",
                "sha256:6a074d34ee7a5ce3effbc526b7083ec9731bb3cbf921bbe1d3005d4d2bdb3a63",
                "sha256:6d0072fea50feec76a4c418096652f2c3238eaa014b2f94aeb1d56a66b41403f",
                "sha256:6fbf47b5d3728c6aea2abb0589b5d30459e369baa772e0f37a0320185e87c980",
                "sha256:7f91197cc9e48f989d12e4e6fbc46495c446636dfc81b9ccf50bb0ec74b91d4b",
                "sha256:86b1f75c4e7c2ac2ccdaec2b9022845dbb81880ca318bb7a0a01fbf7813e3812",
                "sha256:8dc1c72a69aa7e082593c4a203dcf94ddb74bb5c8a731e4e1eb68d031e8498ff",
                "sha256:8e3dcf21f367459434c18e71b2a9532d96547aef8a871872a5bd69a715c15f96",
                "sha256:8e576a51ad59e4bfaac456023a78f6b5e6e7651dcd383bcc3e18d06f9b55d6d1",
                "sha256:96e37a3dc86e80bf81758c152fe66dbf60ed5eca3d26305edf01892257049925",
                "sha256:97a68e6ada378df82bc9f16b800ab77cbf4b2fada0081794318520138c088e4a",
                "sha256:99a2a507ed3ac881b975a2976d59f38c19386d128e7a9a18b7df6fff1fd4c1d6",
                "sha256:a49907dd8420c5685cfa064a1335b6754b74541bbb3706c259c02ed65b644b3e",
                "sha256:b09bf97215625a311f669476f44b8b318b075847b49316d3e28c08e41a7a573f",
                "sha256:b7bd98b796e2b6553da7225aeb61f447f80a1ca64f41d83612e6139ca5213aa4",
                "sha256:b87db4360013327109564f0e591bd2a3b318547bcef31b468a92ee504d07ae4f",
                "sha256:bcb3ed405ed3222f9904899563d6fc492ff75cce56cba05e32eff40e6acbeaa3",
                "sha256:d4306c36ca495956b6d568d276ac11fdd9c30a36f1b6eb928070dc5360b22e1c",
                "sha256:d5ee4f386140395a2c818d149221149c54849dfcfcb9f1debfe07a8b8bd63f9a",
                "sha256:dda30ba7e87fbbb7eab1ec9f58678558fd9a6b8b853530e176eabd064da81417",
                "sha256:e04e26803c9c3851c931eac40c695602c6295b8d432cbe78609649ad9bd2da8a",
                "sha256:e1c0b87e09fa55a220f058d1d49d3fb8df88fbfab58558f1198e08c1e1de842a",
                "sha256:e72591e9ecd94d7feb70c1cbd7be7b3ebea3f548870aa91e2732960fa4d57a37",
                "sha256:e8c843bbcda3a2f1e3c2ab25913c80a3c5376cd00c6e8c4a86a89a28c8dc5452",
                "sha256:efc1913fd2ca4f334418481c7e595c00aad186563bbc1ec76067848c7ca0a933",
                "sha256:f121a1420d4e173a5d96e47e9a0c0dcff965afdf1626d28de1460815f7c4ee7a",
                "sha256:fc7b548b17d238737688817ab67deebb30e8073c95749d55538ed473130ec0c7"
            ],
            "index": "pypi",
            "version": "==2.1.1"
        },
        "packaging": {
            "hashes": [
                "sha256:994793af429502c4ea2ebf6bf664629d07c1a9fe974af92966e4b8d2df7edc61",
                "sha256:a392980d2b6cffa644431898be54b0045151319d1e7ec34f0cfed48767dd334f"
            ],
            "markers": "python_version >= '3.7'",
            "version": "==23.1"
        },
        "psycopg2": {
            "hashes": [
                "sha256:07b90a24d5056687781ddaef0ea172fd951f2f7293f6ffdd03d4f5077801f426",
                "sha256:1da77c061bdaab450581458932ae5e469cc6e36e0d62f988376e9f513f11cb5c",
                "sha256:46361c054df612c3cc813fdb343733d56543fb93565cff0f8ace422e4da06acb",
                "sha256:839f9ea8f6098e39966d97fcb8d08548fbc57c523a1e27a1f0609addf40f777c",
                "sha256:849bd868ae3369932127f0771c08d1109b254f08d48dc42493c3d1b87cb2d308",
                "sha256:8de6a9fc5f42fa52f559e65120dcd7502394692490c98fed1221acf0819d7797",
                "sha256:a11946bad3557ca254f17357d5a4ed63bdca45163e7a7d2bfb8e695df069cc3a",
                "sha256:aa184d551a767ad25df3b8d22a0a62ef2962e0e374c04f6cbd1204947f540d61",
                "sha256:aafa96f2da0071d6dd0cbb7633406d99f414b40ab0f918c9d9af7df928a1accb",
                "sha256:c7fa041b4acb913f6968fce10169105af5200f296028251d817ab37847c30184",
                "sha256:d529926254e093a1b669f692a3aa50069bc71faf5b0ecd91686a78f62767d52f"
            ],
            "index": "pypi",
            "version": "==2.9.4"
        },
        "psycopg2-binary": {
            "hashes": [
                "sha256:01f9731761f711e42459f87bd2ad5d744b9773b5dd05446f3b579a0f077e78e3",
                "sha256:0e3071c947bda6afc6fe2e7b64ebd64fb2cad1bc0e705a3594cb499291f2dfec",
                "sha256:14f85ff2d5d826a7ce9e6c31e803281ed5a096789f47f52cb728c88f488de01b",
                "sha256:15458c81b0d199ab55825007115f697722831656e6477a427783fe75c201c82b",
                "sha256:19d40993701e39c49b50e75cd690a6af796d7e7210941ee0fe49cf12b25840e5",
                "sha256:1d669887df169a9b0c09e0f5b46891511850a9ddfcde3593408af9d9774c5c3a",
                "sha256:1dbad789ebd1e61201256a19dc2e90fed4706bc966ccad4f374648e5336b1ab4",
                "sha256:1f279ba74f0d6b374526e5976c626d2ac3b8333b6a7b08755c513f4d380d3add",
                "sha256:205cecdd81ff4f1ddd687ce7d06879b9b80cccc428d8d6ebf36fcba08bb6d361",
                "sha256:278ebd63ced5a5f3af5394cb75a9a067243eee21f42f0126c6f1cf85eaeb90f9",
                "sha256:3723c3f009e2b2771f2491b330edb7091846f1aad0c08fbbd9a1383d6a0c0841",
                "sha256:395c217156723fe21809dfe8f7a433c5bf8e9bce229944668e4ec709c37c5442",
                "sha256:3ae22a0fa5c516b84ddb189157fabfa3f12eded5d630e1ce260a18e1771f8707",
                "sha256:3b6928a502af71ca2ac9aad535e78c8309892ed3bfa7933182d4c760580c8af4",
                "sha256:3b6c607ecb6a9c245ebe162d63ccd9222d38efa3c858bbe38d32810b08b8f87e",
                "sha256:3fd44b52bc9c74c1512662e8da113a1c55127adeeacebaf460babe766517b049",
                "sha256:4336afc0e81726350bd5863e3c3116d8c12aa7f457d3d0b3b3dc36137fec6feb",
                "sha256:4879ee1d07a6b2c232ae6a74570f4788cd7a29b3cd38bc39bf60225b1d075c78",
                "sha256:4960c881471ca710b81a67ef148c33ee121c1f8e47a639cf7e06537fe9fee337",
                "sha256:4b8b2cdf3bce4dd91dc035fbff4eb812f5607dda91364dc216b0920b97b521c7",
                "sha256:4bfabbd7e70785af726cc0209e8e64b926abf91741eca80678b221aad9e72135",
                "sha256:4d6b592ecc8667e608b9e7344259fbfb428cc053df0062ec3ac75d8270cd5a9f",
                "sha256:5262713988d97a9d4cd54b682dec4a413b87b76790e5b16f480450550d11a8f7",
                "sha256:54bf5c27bd5867a5fa5341fad29f0d5838e2fed617ef5346884baf8b8b16dd82",
                "sha256:565edaf9f691b17a7fdbabd368b5b3e67d0fdc8f7f6b52177c1d3289f4e763fd",
                "sha256:59421806c1a0803ea7de9ed061d656c041a84db0da7e73266b98db4c7ba263da",
                "sha256:59f45cca0765aabb52a5822c72d5ff2ec46a28b1c1702de90dc0d306ec5c2001",
                "sha256:5a0a6e4004697ec98035ff3b8dfc4dba8daa477b23ee891d831cd3cd65ace6be",
                "sha256:5aa0c99c12075c593dcdccbb8a7aaa714b716560cc99ef9206f9e75b77520801",
                "sha256:5aef3296d44d05805e634dbbd2972aa8eb7497926dd86047f5e39a79c3ecc086",
                "sha256:5cbe1e19f59950afd66764e3c905ecee9f2aee9f8df2ef35af6f7948ad93f620",
                "sha256:5debcb23a052f3fb4c165789ea513b562b2fac0f0f4f53eaf3cf4dc648907ff8",
                "sha256:5f955fe6301b84b6fd13970a05f3640fbb62ca3a0d19342356585006c830e038",
                "sha256:6369f4bd4d27944498094dccced1ae7ca43376a59dbfe4c8b6a16e9e3dc3ccce",
                "sha256:63ce1dccfd08d9c5341ac82d62aa04345bc4bf41b5e5b7b2c6c172a28e0eda27",
                "sha256:65403113ac3a4813a1409fb6a1e43c658b459cc8ed8afcc5f4baf02ec8be4334",
                "sha256:673eafbdaa4ed9f5164c90e191c3895cc5f866b9b379fdb59f3a2294e914d9bd",
                "sha256:693a4e7641556f0b421a7d6c6a74058aead407d860ac1cb9d0bf25be0ca73de8",
                "sha256:6e1bb4eb0d9925d65dabaaabcbb279fab444ba66d73f86d4c07dfd11f0139c06",
                "sha256:6f5e70e40dae47a4dc7f8eb390753bb599b0f4ede314580e6faa3b7383695d19",
                "sha256:80451e6b6b7c486828d5c7ed50769532bbb04ec3a411f1e833539d5c10eb691c",
                "sha256:8c84ff9682bc4520504c474e189b3de7c4a4029e529c8b775e39c95c33073767",
                "sha256:91719f53ed2a95ebecefac48d855d811cba9d9fe300acc162993bdfde9bc1c3b",
                "sha256:9a971086db0069aef2fd22ccffb670baac427f4ee2174c4f5c7206254f1e6794",
                "sha256:aeb09db95f38e75ae04e947d283e07be34d03c4c2ace4f0b73dbb9143d506e67",
                "sha256:c68a2e1afb4f2a5bb4b7bb8f90298d21196ac1c66418523e549430b8c4b7cb1e",
                "sha256:c7ff2b6a79a92b1b169b03bb91b41806843f0cdf6055256554495bffed1d496d",
                "sha256:ccaa2ae03990cedde1f618ff11ec89fefa84622da73091a67b44553ca8be6711",
                "sha256:cf60c599c40c266a01c458e9c71db7132b11760f98f08233f19b3e0a2153cbf1",
                "sha256:d29efab3c5d6d978115855a0f2643e0ee8c6450dc536d5b4afec6f52ab99e99e",
                "sha256:d4a19a3332f2ac6d093e60a6f1c589f97eb9f9de7e27ea80d67f188384e31572",
                "sha256:dc145a241e1f6381efb924bcf3e3462d6020b8a147363f9111eb0a9c89331ad7",
                "sha256:de85105c568dc5f0f0efe793209ba83e4675d53d00faffc7a7c7a8bea9e0e19a",
                "sha256:e11373d8e4f1f46cf3065bf613f0df9854803dc95aa4a35354ffac19f8c52127",
                "sha256:e271ad6692d50d70ca75db3bd461bfc26316de78de8fe1f504ef16dcea8f2312",
                "sha256:e3142c7e51b92855cff300580de949e36a94ab3bfa8f353b27fe26535e9b3542",
                "sha256:e46b0f4683539965ce849f2c13fc53e323bb08d84d4ba2e4b3d976f364c84210",
                "sha256:e6ef615d48fa60361e57f998327046bd89679c25d06eee9e78156be5a7a76e03",
                "sha256:e7bdc94217ae20ad03b375a991e107a31814053bee900ad8c967bf82ef3ff02e",
                "sha256:fc37de7e3a87f5966965fc874d33c9b68d638e6c3718fdf32a5083de563428b0"
            ],
            "index": "pypi",
            "version": "==2.9.8"
        },
        "python-dotenv": {
            "hashes": [
                "sha256:1684eb44636dd462b66c3ee016599815514527ad99965de77f43e0944634a7e5",
                "sha256:b77d08274639e3d34145dfa6c7008e66df0f04b7be7a75fd0d5292c191d79045"
            ],
            "index": "pypi",
            "version": "==0.21.0"
        },
        "pytz": {
            "hashes": [
                "sha256:335ab46900b1465e714b4fda4963d87363264eb662aab5e65da039c25f1f5b22",
                "sha256:c4d88f472f54d615e9cd582a5004d1e5f624854a6a27a6211591c251f22a6914"
            ],
            "index": "pypi",
            "version": "==2022.5"
        },
        "setuptools": {
            "hashes": [
                "sha256:512e5536220e38146176efb833d4a62aa726b7bbff82cfbc8ba9eaa3996e0b17",
                "sha256:f62ea9da9ed6289bfe868cd6845968a2c854d1427f8548d52cae02a42b4f0356"
            ],
            "index": "pypi",
            "version": "==65.5.0"
        },
        "six": {
            "hashes": [
                "sha256:1e61c37477a1626458e36f7b1d82aa5c9b094fa4802892072e49de9c60c4c926",
                "sha256:8abb2f1d86890a2dfb989f9a77cfcfd3e47c2a354b01111771326f8aa26e0254"
            ],
            "index": "pypi",
            "version": "==1.16.0"
        },
        "sqlalchemy": {
            "hashes": [
                "sha256:04f2598c70ea4a29b12d429a80fad3a5202d56dce19dd4916cc46a965a5ca2e9",
                "sha256:0501f74dd2745ec38f44c3a3900fb38b9db1ce21586b691482a19134062bf049",
                "sha256:0ee377eb5c878f7cefd633ab23c09e99d97c449dd999df639600f49b74725b80",
                "sha256:11b2ec26c5d2eefbc3e6dca4ec3d3d95028be62320b96d687b6e740424f83b7d",
                "sha256:15d878929c30e41fb3d757a5853b680a561974a0168cd33a750be4ab93181628",
                "sha256:177e41914c476ed1e1b77fd05966ea88c094053e17a85303c4ce007f88eff363",
                "sha256:1811a0b19a08af7750c0b69e38dec3d46e47c4ec1d74b6184d69f12e1c99a5e0",
                "sha256:1d0c23ecf7b3bc81e29459c34a3f4c68ca538de01254e24718a7926810dc39a6",
                "sha256:22459fc1718785d8a86171bbe7f01b5c9d7297301ac150f508d06e62a2b4e8d2",
                "sha256:28e881266a172a4d3c5929182fde6bb6fba22ac93f137d5380cc78a11a9dd124",
                "sha256:2e56dfed0cc3e57b2f5c35719d64f4682ef26836b81067ee6cfad062290fd9e2",
                "sha256:2fd49af453e590884d9cdad3586415922a8e9bb669d874ee1dc55d2bc425aacd",
                "sha256:3ab7c158f98de6cb4f1faab2d12973b330c2878d0c6b689a8ca424c02d66e1b3",
                "sha256:4948b6c5f4e56693bbeff52f574279e4ff972ea3353f45967a14c30fb7ae2beb",
                "sha256:4e1c5f8182b4f89628d782a183d44db51b5af84abd6ce17ebb9804355c88a7b5",
                "sha256:5ce6929417d5dce5ad1d3f147db81735a4a0573b8fb36e3f95500a06eaddd93e",
                "sha256:5ede1495174e69e273fad68ad45b6d25c135c1ce67723e40f6cf536cb515e20b",
                "sha256:5f966b64c852592469a7eb759615bbd351571340b8b344f1d3fa2478b5a4c934",
                "sha256:6045b3089195bc008aee5c273ec3ba9a93f6a55bc1b288841bd4cfac729b6516",
                "sha256:6c9d004eb78c71dd4d3ce625b80c96a827d2e67af9c0d32b1c1e75992a7916cc",
                "sha256:6e39e97102f8e26c6c8550cb368c724028c575ec8bc71afbbf8faaffe2b2092a",
                "sha256:723e3b9374c1ce1b53564c863d1a6b2f1dc4e97b1c178d9b643b191d8b1be738",
                "sha256:876eb185911c8b95342b50a8c4435e1c625944b698a5b4a978ad2ffe74502908",
                "sha256:9256563506e040daddccaa948d055e006e971771768df3bb01feeb4386c242b0",
                "sha256:934472bb7d8666727746a75670a1f8d91a9cae8c464bba79da30a0f6faccd9e1",
                "sha256:97ff50cd85bb907c2a14afb50157d0d5486a4b4639976b4a3346f34b6d1b5272",
                "sha256:9b01d9cd2f9096f688c71a3d0f33f3cd0af8549014e66a7a7dee6fc214a7277d",
                "sha256:9e3a65ce9ed250b2f096f7b559fe3ee92e6605fab3099b661f0397a9ac7c8d95",
                "sha256:a7dd5b7b34a8ba8d181402d824b87c5cee8963cb2e23aa03dbfe8b1f1e417cde",
                "sha256:a85723c00a636eed863adb11f1e8aaa36ad1c10089537823b4540948a8429798",
                "sha256:b42c59ffd2d625b28cdb2ae4cde8488543d428cba17ff672a543062f7caee525",
                "sha256:bd448b262544b47a2766c34c0364de830f7fb0772d9959c1c42ad61d91ab6565",
                "sha256:ca9389a00f639383c93ed00333ed763812f80b5ae9e772ea32f627043f8c9c88",
                "sha256:df76e9c60879fdc785a34a82bf1e8691716ffac32e7790d31a98d7dec6e81545",
                "sha256:e12c6949bae10f1012ab5c0ea52ab8db99adcb8c7b717938252137cdf694c775",
                "sha256:e4ef8cb3c5b326f839bfeb6af5f406ba02ad69a78c7aac0fbeeba994ad9bb48a",
                "sha256:e7e740453f0149437c101ea4fdc7eea2689938c5760d7dcc436c863a12f1f565",
                "sha256:effc89e606165ca55f04f3f24b86d3e1c605e534bf1a96e4e077ce1b027d0b71",
                "sha256:f0f574465b78f29f533976c06b913e54ab4980b9931b69aa9d306afff13a9471",
                "sha256:fa5b7eb2051e857bf83bade0641628efe5a88de189390725d3e6033a1fff4257",
                "sha256:fdb94a3d1ba77ff2ef11912192c066f01e68416f554c194d769391638c8ad09a"
            ],
            "index": "pypi",
            "version": "==1.4.42"
        },
        "sqlalchemy-serializer": {
            "hashes": [
                "sha256:c4cf3e3eebbffa5b46a77ddb886230e5d8c17fd0b9ddbd57eed1a837eb1463cc"
            ],
            "index": "pypi",
            "version": "==1.4.1"
        },
        "werkzeug": {
            "hashes": [
                "sha256:7ea2d48322cc7c0f8b3a215ed73eabd7b5d75d0b50e31ab006286ccff9e00b8f",
                "sha256:f979ab81f58d7318e064e99c4506445d60135ac5cd2e177a2de0089bfd4c9bd5"
            ],
            "index": "pypi",
            "version": "==2.2.2"
        },
        "zipp": {
            "hashes": [
                "sha256:0e923e726174922dce09c53c59ad483ff7bbb8e572e00c7f7c46b88556409f31",
                "sha256:84e64a1c28cf7e91ed2078bb8cc8c259cb19b76942096c8d7b84947690cabaf0"
            ],
            "markers": "python_version >= '3.8'",
            "version": "==3.17.0"
        }
    },
    "develop": {}
}
